
Microsoft Visual Studio Solution File, Format Version 12.00
Project("{FAE04EC0-301F-11D3-BF4B-00C04F79EFBC}") = "oidc-example", "oidc-example.csproj", "{FF74C1CF-8F1B-47CF-AF74-7890118B70C4}"
EndProject
Global
	GlobalSection(SolutionConfigurationPlatforms) = preSolution
		Debug|Any CPU = Debug|Any CPU
		Release|Any CPU = Release|Any CPU
	EndGlobalSection
	GlobalSection(ProjectConfigurationPlatforms) = postSolution
		{FF74C1CF-8F1B-47CF-AF74-7890118B70C4}.Debug|Any CPU.ActiveCfg = Debug|Any CPU
		{FF74C1CF-8F1B-47CF-AF74-7890118B70C4}.Debug|Any CPU.Build.0 = Debug|Any CPU
		{FF74C1CF-8F1B-47CF-AF74-7890118B70C4}.Release|Any CPU.ActiveCfg = Release|Any CPU
		{FF74C1CF-8F1B-47CF-AF74-7890118B70C4}.Release|Any CPU.Build.0 = Release|Any CPU
	EndGlobalSection
EndGlobal
