
Microsoft Visual Studio Solution File, Format Version 12.00
Project("{FAE04EC0-301F-11D3-BF4B-00C04F79EFBC}") = "OidcWithParAndDpop", "OidcWithParAndDpop.csproj", "{EAEADDB8-1A24-455C-97F7-484257459633}"
EndProject
Global
	GlobalSection(SolutionConfigurationPlatforms) = preSolution
		Debug|Any CPU = Debug|Any CPU
		Release|Any CPU = Release|Any CPU
	EndGlobalSection
	GlobalSection(ProjectConfigurationPlatforms) = postSolution
		{EAEADDB8-1A24-455C-97F7-484257459633}.Debug|Any CPU.ActiveCfg = Debug|Any CPU
		{EAEADDB8-1A24-455C-97F7-484257459633}.Debug|Any CPU.Build.0 = Debug|Any CPU
		{EAEADDB8-1A24-455C-97F7-484257459633}.Release|Any CPU.ActiveCfg = Release|Any CPU
		{EAEADDB8-1A24-455C-97F7-484257459633}.Release|Any CPU.Build.0 = Release|Any CPU
	EndGlobalSection
EndGlobal
